
Microsoft Visual Studio Solution File, Format Version 12.00
# Visual Studio Version 17
VisualStudioVersion = 17.10.35004.147
MinimumVisualStudioVersion = 10.0.40219.1
Project("{FAE04EC0-301F-11D3-BF4B-00C04F79EFBC}") = "zadanie maciej c#", "zadanie maciej c#\zadanie maciej c#.csproj", "{CCB5DA0E-37F8-4565-A0C2-740558A96DA8}"
EndProject
Global
	GlobalSection(SolutionConfigurationPlatforms) = preSolution
		Debug|Any CPU = Debug|Any CPU
		Release|Any CPU = Release|Any CPU
	EndGlobalSection
	GlobalSection(ProjectConfigurationPlatforms) = postSolution
		{CCB5DA0E-37F8-4565-A0C2-740558A96DA8}.Debug|Any CPU.ActiveCfg = Debug|Any CPU
		{CCB5DA0E-37F8-4565-A0C2-740558A96DA8}.Debug|Any CPU.Build.0 = Debug|Any CPU
		{CCB5DA0E-37F8-4565-A0C2-740558A96DA8}.Release|Any CPU.ActiveCfg = Release|Any CPU
		{CCB5DA0E-37F8-4565-A0C2-740558A96DA8}.Release|Any CPU.Build.0 = Release|Any CPU
	EndGlobalSection
	GlobalSection(SolutionProperties) = preSolution
		HideSolutionNode = FALSE
	EndGlobalSection
	GlobalSection(ExtensibilityGlobals) = postSolution
		SolutionGuid = {9721ACDF-0EFC-4FE3-925C-9C42743918A9}
	EndGlobalSection
EndGlobal
